
Microsoft Visual Studio Solution File, Format Version 12.00
# Visual Studio Version 17
VisualStudioVersion = 17.4.33110.190
MinimumVisualStudioVersion = 10.0.40219.1
Project("{FAE04EC0-301F-11D3-BF4B-00C04F79EFBC}") = "Looptask", "Looptask\Looptask.csproj", "{C13FF3D8-48EE-4095-A198-C630D6A8CDAC}"
EndProject
Global
	GlobalSection(SolutionConfigurationPlatforms) = preSolution
		Debug|Any CPU = Debug|Any CPU
		Release|Any CPU = Release|Any CPU
	EndGlobalSection
	GlobalSection(ProjectConfigurationPlatforms) = postSolution
		{C13FF3D8-48EE-4095-A198-C630D6A8CDAC}.Debug|Any CPU.ActiveCfg = Debug|Any CPU
		{C13FF3D8-48EE-4095-A198-C630D6A8CDAC}.Debug|Any CPU.Build.0 = Debug|Any CPU
		{C13FF3D8-48EE-4095-A198-C630D6A8CDAC}.Release|Any CPU.ActiveCfg = Release|Any CPU
		{C13FF3D8-48EE-4095-A198-C630D6A8CDAC}.Release|Any CPU.Build.0 = Release|Any CPU
	EndGlobalSection
	GlobalSection(SolutionProperties) = preSolution
		HideSolutionNode = FALSE
	EndGlobalSection
	GlobalSection(ExtensibilityGlobals) = postSolution
		SolutionGuid = {E7FD91B7-E798-4952-951C-A9B5D4CA851E}
	EndGlobalSection
EndGlobal
